{
  "pins" : [
    {
      "identity" : "moviedb-wrapper",
      "kind" : "remoteSourceControl",
      "location" : "https://github.com/cemnisan/MovieDB-Wrapper.git",
      "state" : {
        "branch" : "main",
        "revision" : "4b0937750b96c354cd0b89f6e687c300a3619e9c"
      }
    }
  ],
  "version" : 2
}
