{
  "pins" : [
    {
      "identity" : "moviedb-wrapper",
      "kind" : "remoteSourceControl",
      "location" : "https://github.com/cemnisan/MovieDB-Wrapper.git",
      "state" : {
        "branch" : "main",
        "revision" : "83a615e4f5945426d8299a6aa3d6896a5ca7e7a6"
      }
    }
  ],
  "version" : 2
}
