{
  "pins" : [
    {
      "identity" : "moviedb-wrapper",
      "kind" : "remoteSourceControl",
      "location" : "https://github.com/cemnisan/MovieDB-Wrapper.git",
      "state" : {
        "branch" : "main",
        "revision" : "f5c4317b18676fcde00dce93ab0195089c355c43"
      }
    }
  ],
  "version" : 2
}
