// !$*UTF8*$!
{
	archiveVersion = 1;
	classes = {
	};
	objectVersion = 55;
	objects = {

/* Begin PBXBuildFile section */
		F830B99027F2577900A00681 /* AppDelegate.swift in Sources */ = {isa = PBXBuildFile; fileRef = F830B98F27F2577900A00681 /* AppDelegate.swift */; };
		F830B99227F2577900A00681 /* SceneDelegate.swift in Sources */ = {isa = PBXBuildFile; fileRef = F830B99127F2577900A00681 /* SceneDelegate.swift */; };
		F830B99927F2577B00A00681 /* Assets.xcassets in Resources */ = {isa = PBXBuildFile; fileRef = F830B99827F2577B00A00681 /* Assets.xcassets */; };
		F830B99C27F2577B00A00681 /* LaunchScreen.storyboard in Resources */ = {isa = PBXBuildFile; fileRef = F830B99A27F2577B00A00681 /* LaunchScreen.storyboard */; };
		F830B9A827F2586000A00681 /* MovieDB-Wrapper in Frameworks */ = {isa = PBXBuildFile; productRef = F830B9A727F2586000A00681 /* MovieDB-Wrapper */; };
		F8814F3527F35BC80082B5D8 /* MoviesViewController.swift in Sources */ = {isa = PBXBuildFile; fileRef = F8814F3427F35BC80082B5D8 /* MoviesViewController.swift */; };
		F8814F3727F35BD40082B5D8 /* Movies.storyboard in Resources */ = {isa = PBXBuildFile; fileRef = F8814F3627F35BD40082B5D8 /* Movies.storyboard */; };
		F8814F3927F35BDD0082B5D8 /* MoviesViewModel.swift in Sources */ = {isa = PBXBuildFile; fileRef = F8814F3827F35BDD0082B5D8 /* MoviesViewModel.swift */; };
		F8814F3D27F35BF00082B5D8 /* MoviesBuilder.swift in Sources */ = {isa = PBXBuildFile; fileRef = F8814F3C27F35BF00082B5D8 /* MoviesBuilder.swift */; };
		F8814F3F27F35C580082B5D8 /* AppContainer.swift in Sources */ = {isa = PBXBuildFile; fileRef = F8814F3E27F35C580082B5D8 /* AppContainer.swift */; };
		F8814F4127F35C730082B5D8 /* AppRouter.swift in Sources */ = {isa = PBXBuildFile; fileRef = F8814F4027F35C730082B5D8 /* AppRouter.swift */; };
		F8814F4327F35EC80082B5D8 /* MoviesViewModelContracts.swift in Sources */ = {isa = PBXBuildFile; fileRef = F8814F4227F35EC80082B5D8 /* MoviesViewModelContracts.swift */; };
/* End PBXBuildFile section */

/* Begin PBXFileReference section */
		F830B98C27F2577900A00681 /* MovieApp.app */ = {isa = PBXFileReference; explicitFileType = wrapper.application; includeInIndex = 0; path = MovieApp.app; sourceTree = BUILT_PRODUCTS_DIR; };
		F830B98F27F2577900A00681 /* AppDelegate.swift */ = {isa = PBXFileReference; lastKnownFileType = sourcecode.swift; path = AppDelegate.swift; sourceTree = "<group>"; };
		F830B99127F2577900A00681 /* SceneDelegate.swift */ = {isa = PBXFileReference; lastKnownFileType = sourcecode.swift; path = SceneDelegate.swift; sourceTree = "<group>"; };
		F830B99827F2577B00A00681 /* Assets.xcassets */ = {isa = PBXFileReference; lastKnownFileType = folder.assetcatalog; path = Assets.xcassets; sourceTree = "<group>"; };
		F830B99B27F2577B00A00681 /* Base */ = {isa = PBXFileReference; lastKnownFileType = file.storyboard; name = Base; path = Base.lproj/LaunchScreen.storyboard; sourceTree = "<group>"; };
		F830B99D27F2577B00A00681 /* Info.plist */ = {isa = PBXFileReference; lastKnownFileType = text.plist.xml; path = Info.plist; sourceTree = "<group>"; };
		F8814F3427F35BC80082B5D8 /* MoviesViewController.swift */ = {isa = PBXFileReference; lastKnownFileType = sourcecode.swift; path = MoviesViewController.swift; sourceTree = "<group>"; };
		F8814F3627F35BD40082B5D8 /* Movies.storyboard */ = {isa = PBXFileReference; lastKnownFileType = file.storyboard; path = Movies.storyboard; sourceTree = "<group>"; };
		F8814F3827F35BDD0082B5D8 /* MoviesViewModel.swift */ = {isa = PBXFileReference; lastKnownFileType = sourcecode.swift; path = MoviesViewModel.swift; sourceTree = "<group>"; };
		F8814F3C27F35BF00082B5D8 /* MoviesBuilder.swift */ = {isa = PBXFileReference; lastKnownFileType = sourcecode.swift; path = MoviesBuilder.swift; sourceTree = "<group>"; };
		F8814F3E27F35C580082B5D8 /* AppContainer.swift */ = {isa = PBXFileReference; lastKnownFileType = sourcecode.swift; path = AppContainer.swift; sourceTree = "<group>"; };
		F8814F4027F35C730082B5D8 /* AppRouter.swift */ = {isa = PBXFileReference; lastKnownFileType = sourcecode.swift; path = AppRouter.swift; sourceTree = "<group>"; };
		F8814F4227F35EC80082B5D8 /* MoviesViewModelContracts.swift */ = {isa = PBXFileReference; lastKnownFileType = sourcecode.swift; path = MoviesViewModelContracts.swift; sourceTree = "<group>"; };
/* End PBXFileReference section */

/* Begin PBXFrameworksBuildPhase section */
		F830B98927F2577900A00681 /* Frameworks */ = {
			isa = PBXFrameworksBuildPhase;
			buildActionMask = 2147483647;
			files = (
				F830B9A827F2586000A00681 /* MovieDB-Wrapper in Frameworks */,
			);
			runOnlyForDeploymentPostprocessing = 0;
		};
/* End PBXFrameworksBuildPhase section */

/* Begin PBXGroup section */
		F830B98327F2577900A00681 = {
			isa = PBXGroup;
			children = (
				F830B98E27F2577900A00681 /* MovieApp */,
				F830B98D27F2577900A00681 /* Products */,
			);
			sourceTree = "<group>";
		};
		F830B98D27F2577900A00681 /* Products */ = {
			isa = PBXGroup;
			children = (
				F830B98C27F2577900A00681 /* MovieApp.app */,
			);
			name = Products;
			sourceTree = "<group>";
		};
		F830B98E27F2577900A00681 /* MovieApp */ = {
			isa = PBXGroup;
			children = (
				F830B9A327F257D600A00681 /* App */,
				F830B99D27F2577B00A00681 /* Info.plist */,
				F830B9A527F257EF00A00681 /* Scene */,
				F830B9A427F257DE00A00681 /* Supporting Files */,
			);
			path = MovieApp;
			sourceTree = "<group>";
		};
		F830B9A327F257D600A00681 /* App */ = {
			isa = PBXGroup;
			children = (
				F830B98F27F2577900A00681 /* AppDelegate.swift */,
				F830B99127F2577900A00681 /* SceneDelegate.swift */,
				F8814F3E27F35C580082B5D8 /* AppContainer.swift */,
				F8814F4027F35C730082B5D8 /* AppRouter.swift */,
			);
			path = App;
			sourceTree = "<group>";
		};
		F830B9A427F257DE00A00681 /* Supporting Files */ = {
			isa = PBXGroup;
			children = (
				F830B99827F2577B00A00681 /* Assets.xcassets */,
				F830B99A27F2577B00A00681 /* LaunchScreen.storyboard */,
			);
			path = "Supporting Files";
			sourceTree = "<group>";
		};
		F830B9A527F257EF00A00681 /* Scene */ = {
			isa = PBXGroup;
			children = (
				F8814F3427F35BC80082B5D8 /* MoviesViewController.swift */,
				F8814F3627F35BD40082B5D8 /* Movies.storyboard */,
				F8814F3827F35BDD0082B5D8 /* MoviesViewModel.swift */,
				F8814F3C27F35BF00082B5D8 /* MoviesBuilder.swift */,
				F8814F4227F35EC80082B5D8 /* MoviesViewModelContracts.swift */,
			);
			path = Scene;
			sourceTree = "<group>";
		};
/* End PBXGroup section */

/* Begin PBXNativeTarget section */
		F830B98B27F2577900A00681 /* MovieApp */ = {
			isa = PBXNativeTarget;
			buildConfigurationList = F830B9A027F2577B00A00681 /* Build configuration list for PBXNativeTarget "MovieApp" */;
			buildPhases = (
				F830B98827F2577900A00681 /* Sources */,
				F830B98927F2577900A00681 /* Frameworks */,
				F830B98A27F2577900A00681 /* Resources */,
			);
			buildRules = (
			);
			dependencies = (
			);
			name = MovieApp;
			packageProductDependencies = (
				F830B9A727F2586000A00681 /* MovieDB-Wrapper */,
			);
			productName = MovieApp;
			productReference = F830B98C27F2577900A00681 /* MovieApp.app */;
			productType = "com.apple.product-type.application";
		};
/* End PBXNativeTarget section */

/* Begin PBXProject section */
		F830B98427F2577900A00681 /* Project object */ = {
			isa = PBXProject;
			attributes = {
				BuildIndependentTargetsInParallel = 1;
				LastSwiftUpdateCheck = 1320;
				LastUpgradeCheck = 1320;
				TargetAttributes = {
					F830B98B27F2577900A00681 = {
						CreatedOnToolsVersion = 13.2.1;
					};
				};
			};
			buildConfigurationList = F830B98727F2577900A00681 /* Build configuration list for PBXProject "MovieApp" */;
			compatibilityVersion = "Xcode 13.0";
			developmentRegion = en;
			hasScannedForEncodings = 0;
			knownRegions = (
				en,
				Base,
			);
			mainGroup = F830B98327F2577900A00681;
			packageReferences = (
				F830B9A627F2586000A00681 /* XCRemoteSwiftPackageReference "MovieDB-Wrapper" */,
			);
			productRefGroup = F830B98D27F2577900A00681 /* Products */;
			projectDirPath = "";
			projectRoot = "";
			targets = (
				F830B98B27F2577900A00681 /* MovieApp */,
			);
		};
/* End PBXProject section */

/* Begin PBXResourcesBuildPhase section */
		F830B98A27F2577900A00681 /* Resources */ = {
			isa = PBXResourcesBuildPhase;
			buildActionMask = 2147483647;
			files = (
				F830B99C27F2577B00A00681 /* LaunchScreen.storyboard in Resources */,
				F8814F3727F35BD40082B5D8 /* Movies.storyboard in Resources */,
				F830B99927F2577B00A00681 /* Assets.xcassets in Resources */,
			);
			runOnlyForDeploymentPostprocessing = 0;
		};
/* End PBXResourcesBuildPhase section */

/* Begin PBXSourcesBuildPhase section */
		F830B98827F2577900A00681 /* Sources */ = {
			isa = PBXSourcesBuildPhase;
			buildActionMask = 2147483647;
			files = (
				F830B99027F2577900A00681 /* AppDelegate.swift in Sources */,
				F8814F4327F35EC80082B5D8 /* MoviesViewModelContracts.swift in Sources */,
				F8814F3D27F35BF00082B5D8 /* MoviesBuilder.swift in Sources */,
				F830B99227F2577900A00681 /* SceneDelegate.swift in Sources */,
				F8814F3527F35BC80082B5D8 /* MoviesViewController.swift in Sources */,
				F8814F4127F35C730082B5D8 /* AppRouter.swift in Sources */,
				F8814F3927F35BDD0082B5D8 /* MoviesViewModel.swift in Sources */,
				F8814F3F27F35C580082B5D8 /* AppContainer.swift in Sources */,
			);
			runOnlyForDeploymentPostprocessing = 0;
		};
/* End PBXSourcesBuildPhase section */

/* Begin PBXVariantGroup section */
		F830B99A27F2577B00A00681 /* LaunchScreen.storyboard */ = {
			isa = PBXVariantGroup;
			children = (
				F830B99B27F2577B00A00681 /* Base */,
			);
			name = LaunchScreen.storyboard;
			sourceTree = "<group>";
		};
/* End PBXVariantGroup section */

/* Begin XCBuildConfiguration section */
		F830B99E27F2577B00A00681 /* Debug */ = {
			isa = XCBuildConfiguration;
			buildSettings = {
				ALWAYS_SEARCH_USER_PATHS = NO;
				CLANG_ANALYZER_NONNULL = YES;
				CLANG_ANALYZER_NUMBER_OBJECT_CONVERSION = YES_AGGRESSIVE;
				CLANG_CXX_LANGUAGE_STANDARD = "gnu++17";
				CLANG_CXX_LIBRARY = "libc++";
				CLANG_ENABLE_MODULES = YES;
				CLANG_ENABLE_OBJC_ARC = YES;
				CLANG_ENABLE_OBJC_WEAK = YES;
				CLANG_WARN_BLOCK_CAPTURE_AUTORELEASING = YES;
				CLANG_WARN_BOOL_CONVERSION = YES;
				CLANG_WARN_COMMA = YES;
				CLANG_WARN_CONSTANT_CONVERSION = YES;
				CLANG_WARN_DEPRECATED_OBJC_IMPLEMENTATIONS = YES;
				CLANG_WARN_DIRECT_OBJC_ISA_USAGE = YES_ERROR;
				CLANG_WARN_DOCUMENTATION_COMMENTS = YES;
				CLANG_WARN_EMPTY_BODY = YES;
				CLANG_WARN_ENUM_CONVERSION = YES;
				CLANG_WARN_INFINITE_RECURSION = YES;
				CLANG_WARN_INT_CONVERSION = YES;
				CLANG_WARN_NON_LITERAL_NULL_CONVERSION = YES;
				CLANG_WARN_OBJC_IMPLICIT_RETAIN_SELF = YES;
				CLANG_WARN_OBJC_LITERAL_CONVERSION = YES;
				CLANG_WARN_OBJC_ROOT_CLASS = YES_ERROR;
				CLANG_WARN_QUOTED_INCLUDE_IN_FRAMEWORK_HEADER = YES;
				CLANG_WARN_RANGE_LOOP_ANALYSIS = YES;
				CLANG_WARN_STRICT_PROTOTYPES = YES;
				CLANG_WARN_SUSPICIOUS_MOVE = YES;
				CLANG_WARN_UNGUARDED_AVAILABILITY = YES_AGGRESSIVE;
				CLANG_WARN_UNREACHABLE_CODE = YES;
				CLANG_WARN__DUPLICATE_METHOD_MATCH = YES;
				COPY_PHASE_STRIP = NO;
				DEBUG_INFORMATION_FORMAT = dwarf;
				ENABLE_STRICT_OBJC_MSGSEND = YES;
				ENABLE_TESTABILITY = YES;
				GCC_C_LANGUAGE_STANDARD = gnu11;
				GCC_DYNAMIC_NO_PIC = NO;
				GCC_NO_COMMON_BLOCKS = YES;
				GCC_OPTIMIZATION_LEVEL = 0;
				GCC_PREPROCESSOR_DEFINITIONS = (
					"DEBUG=1",
					"$(inherited)",
				);
				GCC_WARN_64_TO_32_BIT_CONVERSION = YES;
				GCC_WARN_ABOUT_RETURN_TYPE = YES_ERROR;
				GCC_WARN_UNDECLARED_SELECTOR = YES;
				GCC_WARN_UNINITIALIZED_AUTOS = YES_AGGRESSIVE;
				GCC_WARN_UNUSED_FUNCTION = YES;
				GCC_WARN_UNUSED_VARIABLE = YES;
				IPHONEOS_DEPLOYMENT_TARGET = 15.2;
				MTL_ENABLE_DEBUG_INFO = INCLUDE_SOURCE;
				MTL_FAST_MATH = YES;
				ONLY_ACTIVE_ARCH = YES;
				SDKROOT = iphoneos;
				SWIFT_ACTIVE_COMPILATION_CONDITIONS = DEBUG;
				SWIFT_OPTIMIZATION_LEVEL = "-Onone";
			};
			name = Debug;
		};
		F830B99F27F2577B00A00681 /* Release */ = {
			isa = XCBuildConfiguration;
			buildSettings = {
				ALWAYS_SEARCH_USER_PATHS = NO;
				CLANG_ANALYZER_NONNULL = YES;
				CLANG_ANALYZER_NUMBER_OBJECT_CONVERSION = YES_AGGRESSIVE;
				CLANG_CXX_LANGUAGE_STANDARD = "gnu++17";
				CLANG_CXX_LIBRARY = "libc++";
				CLANG_ENABLE_MODULES = YES;
				CLANG_ENABLE_OBJC_ARC = YES;
				CLANG_ENABLE_OBJC_WEAK = YES;
				CLANG_WARN_BLOCK_CAPTURE_AUTORELEASING = YES;
				CLANG_WARN_BOOL_CONVERSION = YES;
				CLANG_WARN_COMMA = YES;
				CLANG_WARN_CONSTANT_CONVERSION = YES;
				CLANG_WARN_DEPRECATED_OBJC_IMPLEMENTATIONS = YES;
				CLANG_WARN_DIRECT_OBJC_ISA_USAGE = YES_ERROR;
				CLANG_WARN_DOCUMENTATION_COMMENTS = YES;
				CLANG_WARN_EMPTY_BODY = YES;
				CLANG_WARN_ENUM_CONVERSION = YES;
				CLANG_WARN_INFINITE_RECURSION = YES;
				CLANG_WARN_INT_CONVERSION = YES;
				CLANG_WARN_NON_LITERAL_NULL_CONVERSION = YES;
				CLANG_WARN_OBJC_IMPLICIT_RETAIN_SELF = YES;
				CLANG_WARN_OBJC_LITERAL_CONVERSION = YES;
				CLANG_WARN_OBJC_ROOT_CLASS = YES_ERROR;
				CLANG_WARN_QUOTED_INCLUDE_IN_FRAMEWORK_HEADER = YES;
				CLANG_WARN_RANGE_LOOP_ANALYSIS = YES;
				CLANG_WARN_STRICT_PROTOTYPES = YES;
				CLANG_WARN_SUSPICIOUS_MOVE = YES;
				CLANG_WARN_UNGUARDED_AVAILABILITY = YES_AGGRESSIVE;
				CLANG_WARN_UNREACHABLE_CODE = YES;
				CLANG_WARN__DUPLICATE_METHOD_MATCH = YES;
				COPY_PHASE_STRIP = NO;
				DEBUG_INFORMATION_FORMAT = "dwarf-with-dsym";
				ENABLE_NS_ASSERTIONS = NO;
				ENABLE_STRICT_OBJC_MSGSEND = YES;
				GCC_C_LANGUAGE_STANDARD = gnu11;
				GCC_NO_COMMON_BLOCKS = YES;
				GCC_WARN_64_TO_32_BIT_CONVERSION = YES;
				GCC_WARN_ABOUT_RETURN_TYPE = YES_ERROR;
				GCC_WARN_UNDECLARED_SELECTOR = YES;
				GCC_WARN_UNINITIALIZED_AUTOS = YES_AGGRESSIVE;
				GCC_WARN_UNUSED_FUNCTION = YES;
				GCC_WARN_UNUSED_VARIABLE = YES;
				IPHONEOS_DEPLOYMENT_TARGET = 15.2;
				MTL_ENABLE_DEBUG_INFO = NO;
				MTL_FAST_MATH = YES;
				SDKROOT = iphoneos;
				SWIFT_COMPILATION_MODE = wholemodule;
				SWIFT_OPTIMIZATION_LEVEL = "-O";
				VALIDATE_PRODUCT = YES;
			};
			name = Release;
		};
		F830B9A127F2577B00A00681 /* Debug */ = {
			isa = XCBuildConfiguration;
			buildSettings = {
				ASSETCATALOG_COMPILER_APPICON_NAME = AppIcon;
				ASSETCATALOG_COMPILER_GLOBAL_ACCENT_COLOR_NAME = AccentColor;
				CODE_SIGN_STYLE = Automatic;
				CURRENT_PROJECT_VERSION = 1;
				DEVELOPMENT_TEAM = 6RJTF64F9S;
				GENERATE_INFOPLIST_FILE = YES;
				INFOPLIST_FILE = MovieApp/Info.plist;
				INFOPLIST_KEY_UIApplicationSupportsIndirectInputEvents = YES;
				INFOPLIST_KEY_UILaunchStoryboardName = LaunchScreen;
				INFOPLIST_KEY_UISupportedInterfaceOrientations_iPad = "UIInterfaceOrientationPortrait UIInterfaceOrientationPortraitUpsideDown UIInterfaceOrientationLandscapeLeft UIInterfaceOrientationLandscapeRight";
				INFOPLIST_KEY_UISupportedInterfaceOrientations_iPhone = "UIInterfaceOrientationPortrait UIInterfaceOrientationLandscapeLeft UIInterfaceOrientationLandscapeRight";
				LD_RUNPATH_SEARCH_PATHS = (
					"$(inherited)",
					"@executable_path/Frameworks",
				);
				MARKETING_VERSION = 1.0;
				PRODUCT_BUNDLE_IDENTIFIER = saye.MovieApp;
				PRODUCT_NAME = "$(TARGET_NAME)";
				SWIFT_EMIT_LOC_STRINGS = YES;
				SWIFT_VERSION = 5.0;
				TARGETED_DEVICE_FAMILY = "1,2";
			};
			name = Debug;
		};
		F830B9A227F2577B00A00681 /* Release */ = {
			isa = XCBuildConfiguration;
			buildSettings = {
				ASSETCATALOG_COMPILER_APPICON_NAME = AppIcon;
				ASSETCATALOG_COMPILER_GLOBAL_ACCENT_COLOR_NAME = AccentColor;
				CODE_SIGN_STYLE = Automatic;
				CURRENT_PROJECT_VERSION = 1;
				DEVELOPMENT_TEAM = 6RJTF64F9S;
				GENERATE_INFOPLIST_FILE = YES;
				INFOPLIST_FILE = MovieApp/Info.plist;
				INFOPLIST_KEY_UIApplicationSupportsIndirectInputEvents = YES;
				INFOPLIST_KEY_UILaunchStoryboardName = LaunchScreen;
				INFOPLIST_KEY_UISupportedInterfaceOrientations_iPad = "UIInterfaceOrientationPortrait UIInterfaceOrientationPortraitUpsideDown UIInterfaceOrientationLandscapeLeft UIInterfaceOrientationLandscapeRight";
				INFOPLIST_KEY_UISupportedInterfaceOrientations_iPhone = "UIInterfaceOrientationPortrait UIInterfaceOrientationLandscapeLeft UIInterfaceOrientationLandscapeRight";
				LD_RUNPATH_SEARCH_PATHS = (
					"$(inherited)",
					"@executable_path/Frameworks",
				);
				MARKETING_VERSION = 1.0;
				PRODUCT_BUNDLE_IDENTIFIER = saye.MovieApp;
				PRODUCT_NAME = "$(TARGET_NAME)";
				SWIFT_EMIT_LOC_STRINGS = YES;
				SWIFT_VERSION = 5.0;
				TARGETED_DEVICE_FAMILY = "1,2";
			};
			name = Release;
		};
/* End XCBuildConfiguration section */

/* Begin XCConfigurationList section */
		F830B98727F2577900A00681 /* Build configuration list for PBXProject "MovieApp" */ = {
			isa = XCConfigurationList;
			buildConfigurations = (
				F830B99E27F2577B00A00681 /* Debug */,
				F830B99F27F2577B00A00681 /* Release */,
			);
			defaultConfigurationIsVisible = 0;
			defaultConfigurationName = Release;
		};
		F830B9A027F2577B00A00681 /* Build configuration list for PBXNativeTarget "MovieApp" */ = {
			isa = XCConfigurationList;
			buildConfigurations = (
				F830B9A127F2577B00A00681 /* Debug */,
				F830B9A227F2577B00A00681 /* Release */,
			);
			defaultConfigurationIsVisible = 0;
			defaultConfigurationName = Release;
		};
/* End XCConfigurationList section */

/* Begin XCRemoteSwiftPackageReference section */
		F830B9A627F2586000A00681 /* XCRemoteSwiftPackageReference "MovieDB-Wrapper" */ = {
			isa = XCRemoteSwiftPackageReference;
			repositoryURL = "https://github.com/cemnisan/MovieDB-Wrapper.git";
			requirement = {
				branch = main;
				kind = branch;
			};
		};
/* End XCRemoteSwiftPackageReference section */

/* Begin XCSwiftPackageProductDependency section */
		F830B9A727F2586000A00681 /* MovieDB-Wrapper */ = {
			isa = XCSwiftPackageProductDependency;
			package = F830B9A627F2586000A00681 /* XCRemoteSwiftPackageReference "MovieDB-Wrapper" */;
			productName = "MovieDB-Wrapper";
		};
/* End XCSwiftPackageProductDependency section */
	};
	rootObject = F830B98427F2577900A00681 /* Project object */;
}
